
Microsoft Visual Studio Solution File, Format Version 12.00
# Visual Studio Version 17
VisualStudioVersion = 17.7.34031.279
MinimumVisualStudioVersion = 10.0.40219.1
Project("{9A19103F-16F7-4668-BE54-9A1E7A4F7556}") = "ASP.NETCOREWEBAPICRUD", "ASP.NETCOREWEBAPICRUD\ASP.NETCOREWEBAPICRUD.csproj", "{CEC1FBD1-EAF2-42E7-92CE-158FE2390FED}"
EndProject
Project("{FAE04EC0-301F-11D3-BF4B-00C04F79EFBC}") = "xUnitReact_ASP.NETCOREWEBAPI.Tests", "xUnitReact_ASP.NETCOREWEBAPI.Tests\xUnitReact_ASP.NETCOREWEBAPI.Tests.csproj", "{44B5479D-A2A7-4153-AAB9-6C02785C0F6A}"
EndProject
Global
	GlobalSection(SolutionConfigurationPlatforms) = preSolution
		Debug|Any CPU = Debug|Any CPU
		Release|Any CPU = Release|Any CPU
	EndGlobalSection
	GlobalSection(ProjectConfigurationPlatforms) = postSolution
		{CEC1FBD1-EAF2-42E7-92CE-158FE2390FED}.Debug|Any CPU.ActiveCfg = Debug|Any CPU
		{CEC1FBD1-EAF2-42E7-92CE-158FE2390FED}.Debug|Any CPU.Build.0 = Debug|Any CPU
		{CEC1FBD1-EAF2-42E7-92CE-158FE2390FED}.Release|Any CPU.ActiveCfg = Release|Any CPU
		{CEC1FBD1-EAF2-42E7-92CE-158FE2390FED}.Release|Any CPU.Build.0 = Release|Any CPU
		{44B5479D-A2A7-4153-AAB9-6C02785C0F6A}.Debug|Any CPU.ActiveCfg = Debug|Any CPU
		{44B5479D-A2A7-4153-AAB9-6C02785C0F6A}.Debug|Any CPU.Build.0 = Debug|Any CPU
		{44B5479D-A2A7-4153-AAB9-6C02785C0F6A}.Release|Any CPU.ActiveCfg = Release|Any CPU
		{44B5479D-A2A7-4153-AAB9-6C02785C0F6A}.Release|Any CPU.Build.0 = Release|Any CPU
	EndGlobalSection
	GlobalSection(SolutionProperties) = preSolution
		HideSolutionNode = FALSE
	EndGlobalSection
	GlobalSection(ExtensibilityGlobals) = postSolution
		SolutionGuid = {5A5E9B33-4C02-4F2A-9D0B-8B1D35A16FCD}
	EndGlobalSection
EndGlobal
